
Microsoft Visual Studio Solution File, Format Version 12.00
# Visual Studio Version 17
VisualStudioVersion = 17.5.002.0
MinimumVisualStudioVersion = 10.0.40219.1
Project("{9A19103F-16F7-4668-BE54-9A1E7A4F7556}") = "ExceptionHandlerExample.Api", "ExceptionHandlerExample.Api\ExceptionHandlerExample.Api.csproj", "{C7C0D880-6F39-4EF9-A2A0-6BB65D62BBC5}"
EndProject
Global
	GlobalSection(SolutionConfigurationPlatforms) = preSolution
		Debug|Any CPU = Debug|Any CPU
		Release|Any CPU = Release|Any CPU
	EndGlobalSection
	GlobalSection(ProjectConfigurationPlatforms) = postSolution
		{C7C0D880-6F39-4EF9-A2A0-6BB65D62BBC5}.Debug|Any CPU.ActiveCfg = Debug|Any CPU
		{C7C0D880-6F39-4EF9-A2A0-6BB65D62BBC5}.Debug|Any CPU.Build.0 = Debug|Any CPU
		{C7C0D880-6F39-4EF9-A2A0-6BB65D62BBC5}.Release|Any CPU.ActiveCfg = Release|Any CPU
		{C7C0D880-6F39-4EF9-A2A0-6BB65D62BBC5}.Release|Any CPU.Build.0 = Release|Any CPU
	EndGlobalSection
	GlobalSection(SolutionProperties) = preSolution
		HideSolutionNode = FALSE
	EndGlobalSection
	GlobalSection(ExtensibilityGlobals) = postSolution
		SolutionGuid = {EDCBD02C-B189-4396-9B59-F0CCFC68C836}
	EndGlobalSection
EndGlobal
